// !$*UTF8*$!
{
	archiveVersion = 1;
	classes = {
	};
	objectVersion = 51;
	objects = {

/* Begin PBXBuildFile section */
		00C15B4DAACF7B74E269BC64 /* Pods_DouYuApp.framework in Frameworks */ = {isa = PBXBuildFile; fileRef = 3CABD5EB3484B0513682FD97 /* Pods_DouYuApp.framework */; };
		9A2E8ED72588985100EB0940 /* PageContentView.swift in Sources */ = {isa = PBXBuildFile; fileRef = 9A2E8ED62588985100EB0940 /* PageContentView.swift */; };
		9A2E8EDC2588B38000EB0940 /* UIColor-Extension.swift in Sources */ = {isa = PBXBuildFile; fileRef = 9A2E8EDB2588B38000EB0940 /* UIColor-Extension.swift */; };
		9A5C440725AC46070045C6E8 /* GameViewController.swift in Sources */ = {isa = PBXBuildFile; fileRef = 9A5C440625AC46070045C6E8 /* GameViewController.swift */; };
		9A5C441B25AD6DF70045C6E8 /* GameViewModel.swift in Sources */ = {isa = PBXBuildFile; fileRef = 9A5C441A25AD6DF70045C6E8 /* GameViewModel.swift */; };
		9A5C442025AD6EE90045C6E8 /* GameModel.swift in Sources */ = {isa = PBXBuildFile; fileRef = 9A5C441F25AD6EE90045C6E8 /* GameModel.swift */; };
		9A5C442525AD75190045C6E8 /* BaseGameModel.swift in Sources */ = {isa = PBXBuildFile; fileRef = 9A5C442425AD75190045C6E8 /* BaseGameModel.swift */; };
		9A5C442A25ADA0D60045C6E8 /* AmuseViewController.swift in Sources */ = {isa = PBXBuildFile; fileRef = 9A5C442925ADA0D60045C6E8 /* AmuseViewController.swift */; };
		9A5C442F25ADA2990045C6E8 /* AmuseViewModel.swift in Sources */ = {isa = PBXBuildFile; fileRef = 9A5C442E25ADA2990045C6E8 /* AmuseViewModel.swift */; };
		9A5C443525AEA27D0045C6E8 /* BaseViewModel.swift in Sources */ = {isa = PBXBuildFile; fileRef = 9A5C443425AEA27D0045C6E8 /* BaseViewModel.swift */; };
		9A5C443D25AEB7FB0045C6E8 /* BaseAnchorViewController.swift in Sources */ = {isa = PBXBuildFile; fileRef = 9A5C443C25AEB7FB0045C6E8 /* BaseAnchorViewController.swift */; };
		9A5C444825B023160045C6E8 /* AmuseMenuView.swift in Sources */ = {isa = PBXBuildFile; fileRef = 9A5C444725B023160045C6E8 /* AmuseMenuView.swift */; };
		9A5C445525B023570045C6E8 /* AmuseMenuView.xib in Resources */ = {isa = PBXBuildFile; fileRef = 9A5C445425B023570045C6E8 /* AmuseMenuView.xib */; };
		9A5C445B25B03B3B0045C6E8 /* AmuseMenuCollectionViewCell.swift in Sources */ = {isa = PBXBuildFile; fileRef = 9A5C445925B03B3B0045C6E8 /* AmuseMenuCollectionViewCell.swift */; };
		9A5C445C25B03B3B0045C6E8 /* AmuseMenuCollectionViewCell.xib in Resources */ = {isa = PBXBuildFile; fileRef = 9A5C445A25B03B3B0045C6E8 /* AmuseMenuCollectionViewCell.xib */; };
		9A5C446125B04A560045C6E8 /* FunnyViewController.swift in Sources */ = {isa = PBXBuildFile; fileRef = 9A5C446025B04A560045C6E8 /* FunnyViewController.swift */; };
		9A5C446625B11FB20045C6E8 /* FunnyViewModel.swift in Sources */ = {isa = PBXBuildFile; fileRef = 9A5C446525B11FB20045C6E8 /* FunnyViewModel.swift */; };
		9A5C446B25B131A90045C6E8 /* BaseViewController.swift in Sources */ = {isa = PBXBuildFile; fileRef = 9A5C446A25B131A90045C6E8 /* BaseViewController.swift */; };
		9A5C447525B1754E0045C6E8 /* RoomShowViewController.swift in Sources */ = {isa = PBXBuildFile; fileRef = 9A5C447425B1754E0045C6E8 /* RoomShowViewController.swift */; };
		9A5C447D25B175750045C6E8 /* RoomNormalViewController.swift in Sources */ = {isa = PBXBuildFile; fileRef = 9A5C447C25B175750045C6E8 /* RoomNormalViewController.swift */; };
		9A5C448225B1844C0045C6E8 /* CustomNavigationController.swift in Sources */ = {isa = PBXBuildFile; fileRef = 9A5C448125B1844C0045C6E8 /* CustomNavigationController.swift */; };
		9AB438E325836A4F0085F06A /* Home.storyboard in Resources */ = {isa = PBXBuildFile; fileRef = 9AB438E225836A4F0085F06A /* Home.storyboard */; };
		9AB438E825836A7C0085F06A /* Follow.storyboard in Resources */ = {isa = PBXBuildFile; fileRef = 9AB438E725836A7C0085F06A /* Follow.storyboard */; };
		9AB438ED25836A9B0085F06A /* Profile.storyboard in Resources */ = {isa = PBXBuildFile; fileRef = 9AB438EC25836A9B0085F06A /* Profile.storyboard */; };
		9AB438F225836AB20085F06A /* Live.storyboard in Resources */ = {isa = PBXBuildFile; fileRef = 9AB438F125836AB20085F06A /* Live.storyboard */; };
		9AB43910258493170085F06A /* UIBarButtonItem-Extension.swift in Sources */ = {isa = PBXBuildFile; fileRef = 9AB4390F258493170085F06A /* UIBarButtonItem-Extension.swift */; };
		9AB4391B2584AB020085F06A /* Main.storyboard in Resources */ = {isa = PBXBuildFile; fileRef = 9AB4391A2584AB020085F06A /* Main.storyboard */; };
		9AB4392A2584C6A90085F06A /* PageTitleView.swift in Sources */ = {isa = PBXBuildFile; fileRef = 9AB439292584C6A90085F06A /* PageTitleView.swift */; };
		9AB4392F2584C9050085F06A /* Common.swift in Sources */ = {isa = PBXBuildFile; fileRef = 9AB4392E2584C9050085F06A /* Common.swift */; };
		9AB92E722590753D009C95FC /* CollectionViewNormalCell.swift in Sources */ = {isa = PBXBuildFile; fileRef = 9AB92E702590753D009C95FC /* CollectionViewNormalCell.swift */; };
		9AB92E732590753D009C95FC /* CollectionViewNormalCell.xib in Resources */ = {isa = PBXBuildFile; fileRef = 9AB92E712590753D009C95FC /* CollectionViewNormalCell.xib */; };
		9AB92E7925908229009C95FC /* CollectionViewPrettyCell.swift in Sources */ = {isa = PBXBuildFile; fileRef = 9AB92E7725908229009C95FC /* CollectionViewPrettyCell.swift */; };
		9AB92E7A25908229009C95FC /* CollectionViewPrettyCell.xib in Resources */ = {isa = PBXBuildFile; fileRef = 9AB92E7825908229009C95FC /* CollectionViewPrettyCell.xib */; };
		9AB92E7F2590A4D2009C95FC /* NetworkTools.swift in Sources */ = {isa = PBXBuildFile; fileRef = 9AB92E7E2590A4D2009C95FC /* NetworkTools.swift */; };
		9AB92E852591E402009C95FC /* RecommendViewModel.swift in Sources */ = {isa = PBXBuildFile; fileRef = 9AB92E842591E402009C95FC /* RecommendViewModel.swift */; };
		9AB92E902591F76C009C95FC /* NSDate-Extension.swift in Sources */ = {isa = PBXBuildFile; fileRef = 9AB92E8F2591F76C009C95FC /* NSDate-Extension.swift */; };
		9AB92E9525934700009C95FC /* File.swift in Sources */ = {isa = PBXBuildFile; fileRef = 9AB92E9425934700009C95FC /* File.swift */; };
		9AB92E9D25947A79009C95FC /* AnchorGroup.swift in Sources */ = {isa = PBXBuildFile; fileRef = 9AB92E9C25947A79009C95FC /* AnchorGroup.swift */; };
		9AB92EA2259483A4009C95FC /* YYModelMag.swift in Sources */ = {isa = PBXBuildFile; fileRef = 9AB92EA1259483A4009C95FC /* YYModelMag.swift */; };
		9AB92EA7259493CC009C95FC /* RoomModel.swift in Sources */ = {isa = PBXBuildFile; fileRef = 9AB92EA6259493CC009C95FC /* RoomModel.swift */; };
		9AB92EAF259586E1009C95FC /* AnchorsModel.swift in Sources */ = {isa = PBXBuildFile; fileRef = 9AB92EAE259586E1009C95FC /* AnchorsModel.swift */; };
		9ABF415B2599A52E009CA0A4 /* CollectionBaseCell.swift in Sources */ = {isa = PBXBuildFile; fileRef = 9ABF415A2599A52E009CA0A4 /* CollectionBaseCell.swift */; };
		9ABF41602599AB99009CA0A4 /* RecommendCycleView.swift in Sources */ = {isa = PBXBuildFile; fileRef = 9ABF415F2599AB99009CA0A4 /* RecommendCycleView.swift */; };
		9ABF416D2599ABCA009CA0A4 /* RecommendCycleView.xib in Resources */ = {isa = PBXBuildFile; fileRef = 9ABF416C2599ABCA009CA0A4 /* RecommendCycleView.xib */; };
		9ABF417B2599D1EC009CA0A4 /* CycleModel.swift in Sources */ = {isa = PBXBuildFile; fileRef = 9ABF417A2599D1EC009CA0A4 /* CycleModel.swift */; };
		9ABF41812599D62B009CA0A4 /* CollectionCycleCell.swift in Sources */ = {isa = PBXBuildFile; fileRef = 9ABF417F2599D62B009CA0A4 /* CollectionCycleCell.swift */; };
		9ABF41822599D62B009CA0A4 /* CollectionCycleCell.xib in Resources */ = {isa = PBXBuildFile; fileRef = 9ABF41802599D62B009CA0A4 /* CollectionCycleCell.xib */; };
		9ABF4187259AC3F2009CA0A4 /* RecommendGameView.swift in Sources */ = {isa = PBXBuildFile; fileRef = 9ABF4186259AC3F2009CA0A4 /* RecommendGameView.swift */; };
		9ABF418C259AC3FE009CA0A4 /* RecommendGameView.xib in Resources */ = {isa = PBXBuildFile; fileRef = 9ABF418B259AC3FE009CA0A4 /* RecommendGameView.xib */; };
		9ABF4192259AF886009CA0A4 /* CollectionGameCell.swift in Sources */ = {isa = PBXBuildFile; fileRef = 9ABF4190259AF886009CA0A4 /* CollectionGameCell.swift */; };
		9ABF4193259AF886009CA0A4 /* CollectionGameCell.xib in Resources */ = {isa = PBXBuildFile; fileRef = 9ABF4191259AF886009CA0A4 /* CollectionGameCell.xib */; };
		9AD308F92582225C00F8BFC8 /* AppDelegate.swift in Sources */ = {isa = PBXBuildFile; fileRef = 9AD308F82582225C00F8BFC8 /* AppDelegate.swift */; };
		9AD308FB2582225C00F8BFC8 /* SceneDelegate.swift in Sources */ = {isa = PBXBuildFile; fileRef = 9AD308FA2582225C00F8BFC8 /* SceneDelegate.swift */; };
		9AD308FD2582225C00F8BFC8 /* MainViewController.swift in Sources */ = {isa = PBXBuildFile; fileRef = 9AD308FC2582225C00F8BFC8 /* MainViewController.swift */; };
		9AD309032582225C00F8BFC8 /* DouYuApp.xcdatamodeld in Sources */ = {isa = PBXBuildFile; fileRef = 9AD309012582225C00F8BFC8 /* DouYuApp.xcdatamodeld */; };
		9AD309082582225F00F8BFC8 /* LaunchScreen.storyboard in Resources */ = {isa = PBXBuildFile; fileRef = 9AD309062582225F00F8BFC8 /* LaunchScreen.storyboard */; };
		9AD309132582225F00F8BFC8 /* DouYuAppTests.swift in Sources */ = {isa = PBXBuildFile; fileRef = 9AD309122582225F00F8BFC8 /* DouYuAppTests.swift */; };
		9AD3091E2582225F00F8BFC8 /* DouYuAppUITests.swift in Sources */ = {isa = PBXBuildFile; fileRef = 9AD3091D2582225F00F8BFC8 /* DouYuAppUITests.swift */; };
		9AD30955258315E200F8BFC8 /* Assets.xcassets in Resources */ = {isa = PBXBuildFile; fileRef = 9AD30954258315E200F8BFC8 /* Assets.xcassets */; };
		9AD3097525833B3900F8BFC8 /* HomeViewController.swift in Sources */ = {isa = PBXBuildFile; fileRef = 9AD3097425833B3900F8BFC8 /* HomeViewController.swift */; };
		9AD3097D25833B5600F8BFC8 /* FollowPageViewController.swift in Sources */ = {isa = PBXBuildFile; fileRef = 9AD3097C25833B5600F8BFC8 /* FollowPageViewController.swift */; };
		9AD3098225833B7000F8BFC8 /* LivePageViewController.swift in Sources */ = {isa = PBXBuildFile; fileRef = 9AD3098125833B7000F8BFC8 /* LivePageViewController.swift */; };
		9AD3098725833B8700F8BFC8 /* ProfileViewController.swift in Sources */ = {isa = PBXBuildFile; fileRef = 9AD3098625833B8700F8BFC8 /* ProfileViewController.swift */; };
		9AD9A5FF258CA8D800989628 /* RecommendViewController.swift in Sources */ = {isa = PBXBuildFile; fileRef = 9AD9A5FE258CA8D800989628 /* RecommendViewController.swift */; };
		9AD9A621258DFDCE00989628 /* CollCollectionHeaderView.swift in Sources */ = {isa = PBXBuildFile; fileRef = 9AD9A61F258DFDCE00989628 /* CollCollectionHeaderView.swift */; };
		9AD9A622258DFDCE00989628 /* CollCollectionHeaderView.xib in Resources */ = {isa = PBXBuildFile; fileRef = 9AD9A620258DFDCE00989628 /* CollCollectionHeaderView.xib */; };
/* End PBXBuildFile section */

/* Begin PBXContainerItemProxy section */
		9AD3090F2582225F00F8BFC8 /* PBXContainerItemProxy */ = {
			isa = PBXContainerItemProxy;
			containerPortal = 9AD308ED2582225C00F8BFC8 /* Project object */;
			proxyType = 1;
			remoteGlobalIDString = 9AD308F42582225C00F8BFC8;
			remoteInfo = DouYuApp;
		};
		9AD3091A2582225F00F8BFC8 /* PBXContainerItemProxy */ = {
			isa = PBXContainerItemProxy;
			containerPortal = 9AD308ED2582225C00F8BFC8 /* Project object */;
			proxyType = 1;
			remoteGlobalIDString = 9AD308F42582225C00F8BFC8;
			remoteInfo = DouYuApp;
		};
/* End PBXContainerItemProxy section */

/* Begin PBXFileReference section */
		3CABD5EB3484B0513682FD97 /* Pods_DouYuApp.framework */ = {isa = PBXFileReference; explicitFileType = wrapper.framework; includeInIndex = 0; path = Pods_DouYuApp.framework; sourceTree = BUILT_PRODUCTS_DIR; };
		9A2E8ED62588985100EB0940 /* PageContentView.swift */ = {isa = PBXFileReference; lastKnownFileType = sourcecode.swift; path = PageContentView.swift; sourceTree = "<group>"; };
		9A2E8EDB2588B38000EB0940 /* UIColor-Extension.swift */ = {isa = PBXFileReference; lastKnownFileType = sourcecode.swift; path = "UIColor-Extension.swift"; sourceTree = "<group>"; };
		9A5C440625AC46070045C6E8 /* GameViewController.swift */ = {isa = PBXFileReference; lastKnownFileType = sourcecode.swift; path = GameViewController.swift; sourceTree = "<group>"; };
		9A5C441A25AD6DF70045C6E8 /* GameViewModel.swift */ = {isa = PBXFileReference; lastKnownFileType = sourcecode.swift; path = GameViewModel.swift; sourceTree = "<group>"; };
		9A5C441F25AD6EE90045C6E8 /* GameModel.swift */ = {isa = PBXFileReference; lastKnownFileType = sourcecode.swift; path = GameModel.swift; sourceTree = "<group>"; };
		9A5C442425AD75190045C6E8 /* BaseGameModel.swift */ = {isa = PBXFileReference; lastKnownFileType = sourcecode.swift; path = BaseGameModel.swift; sourceTree = "<group>"; };
		9A5C442925ADA0D60045C6E8 /* AmuseViewController.swift */ = {isa = PBXFileReference; lastKnownFileType = sourcecode.swift; path = AmuseViewController.swift; sourceTree = "<group>"; };
		9A5C442E25ADA2990045C6E8 /* AmuseViewModel.swift */ = {isa = PBXFileReference; lastKnownFileType = sourcecode.swift; path = AmuseViewModel.swift; sourceTree = "<group>"; };
		9A5C443425AEA27D0045C6E8 /* BaseViewModel.swift */ = {isa = PBXFileReference; lastKnownFileType = sourcecode.swift; path = BaseViewModel.swift; sourceTree = "<group>"; };
		9A5C443C25AEB7FB0045C6E8 /* BaseAnchorViewController.swift */ = {isa = PBXFileReference; lastKnownFileType = sourcecode.swift; path = BaseAnchorViewController.swift; sourceTree = "<group>"; };
		9A5C444725B023160045C6E8 /* AmuseMenuView.swift */ = {isa = PBXFileReference; lastKnownFileType = sourcecode.swift; path = AmuseMenuView.swift; sourceTree = "<group>"; };
		9A5C445425B023570045C6E8 /* AmuseMenuView.xib */ = {isa = PBXFileReference; lastKnownFileType = file.xib; path = AmuseMenuView.xib; sourceTree = "<group>"; };
		9A5C445925B03B3B0045C6E8 /* AmuseMenuCollectionViewCell.swift */ = {isa = PBXFileReference; lastKnownFileType = sourcecode.swift; path = AmuseMenuCollectionViewCell.swift; sourceTree = "<group>"; };
		9A5C445A25B03B3B0045C6E8 /* AmuseMenuCollectionViewCell.xib */ = {isa = PBXFileReference; lastKnownFileType = file.xib; path = AmuseMenuCollectionViewCell.xib; sourceTree = "<group>"; };
		9A5C446025B04A560045C6E8 /* FunnyViewController.swift */ = {isa = PBXFileReference; lastKnownFileType = sourcecode.swift; path = FunnyViewController.swift; sourceTree = "<group>"; };
		9A5C446525B11FB20045C6E8 /* FunnyViewModel.swift */ = {isa = PBXFileReference; lastKnownFileType = sourcecode.swift; path = FunnyViewModel.swift; sourceTree = "<group>"; };
		9A5C446A25B131A90045C6E8 /* BaseViewController.swift */ = {isa = PBXFileReference; lastKnownFileType = sourcecode.swift; path = BaseViewController.swift; sourceTree = "<group>"; };
		9A5C447425B1754E0045C6E8 /* RoomShowViewController.swift */ = {isa = PBXFileReference; lastKnownFileType = sourcecode.swift; path = RoomShowViewController.swift; sourceTree = "<group>"; };
		9A5C447C25B175750045C6E8 /* RoomNormalViewController.swift */ = {isa = PBXFileReference; lastKnownFileType = sourcecode.swift; path = RoomNormalViewController.swift; sourceTree = "<group>"; };
		9A5C448125B1844C0045C6E8 /* CustomNavigationController.swift */ = {isa = PBXFileReference; lastKnownFileType = sourcecode.swift; path = CustomNavigationController.swift; sourceTree = "<group>"; };
		9AB438E225836A4F0085F06A /* Home.storyboard */ = {isa = PBXFileReference; fileEncoding = 4; lastKnownFileType = file.storyboard; path = Home.storyboard; sourceTree = "<group>"; };
		9AB438E725836A7C0085F06A /* Follow.storyboard */ = {isa = PBXFileReference; fileEncoding = 4; lastKnownFileType = file.storyboard; path = Follow.storyboard; sourceTree = "<group>"; };
		9AB438EC25836A9B0085F06A /* Profile.storyboard */ = {isa = PBXFileReference; fileEncoding = 4; lastKnownFileType = file.storyboard; path = Profile.storyboard; sourceTree = "<group>"; };
		9AB438F125836AB20085F06A /* Live.storyboard */ = {isa = PBXFileReference; fileEncoding = 4; lastKnownFileType = file.storyboard; path = Live.storyboard; sourceTree = "<group>"; };
		9AB4390F258493170085F06A /* UIBarButtonItem-Extension.swift */ = {isa = PBXFileReference; lastKnownFileType = sourcecode.swift; path = "UIBarButtonItem-Extension.swift"; sourceTree = "<group>"; };
		9AB4391A2584AB020085F06A /* Main.storyboard */ = {isa = PBXFileReference; fileEncoding = 4; lastKnownFileType = file.storyboard; path = Main.storyboard; sourceTree = "<group>"; };
		9AB439292584C6A90085F06A /* PageTitleView.swift */ = {isa = PBXFileReference; lastKnownFileType = sourcecode.swift; path = PageTitleView.swift; sourceTree = "<group>"; };
		9AB4392E2584C9050085F06A /* Common.swift */ = {isa = PBXFileReference; lastKnownFileType = sourcecode.swift; path = Common.swift; sourceTree = "<group>"; };
		9AB92E702590753D009C95FC /* CollectionViewNormalCell.swift */ = {isa = PBXFileReference; lastKnownFileType = sourcecode.swift; path = CollectionViewNormalCell.swift; sourceTree = "<group>"; };
		9AB92E712590753D009C95FC /* CollectionViewNormalCell.xib */ = {isa = PBXFileReference; lastKnownFileType = file.xib; path = CollectionViewNormalCell.xib; sourceTree = "<group>"; };
		9AB92E7725908229009C95FC /* CollectionViewPrettyCell.swift */ = {isa = PBXFileReference; lastKnownFileType = sourcecode.swift; path = CollectionViewPrettyCell.swift; sourceTree = "<group>"; };
		9AB92E7825908229009C95FC /* CollectionViewPrettyCell.xib */ = {isa = PBXFileReference; lastKnownFileType = file.xib; path = CollectionViewPrettyCell.xib; sourceTree = "<group>"; };
		9AB92E7E2590A4D2009C95FC /* NetworkTools.swift */ = {isa = PBXFileReference; lastKnownFileType = sourcecode.swift; path = NetworkTools.swift; sourceTree = "<group>"; };
		9AB92E842591E402009C95FC /* RecommendViewModel.swift */ = {isa = PBXFileReference; lastKnownFileType = sourcecode.swift; path = RecommendViewModel.swift; sourceTree = "<group>"; };
		9AB92E8F2591F76C009C95FC /* NSDate-Extension.swift */ = {isa = PBXFileReference; lastKnownFileType = sourcecode.swift; path = "NSDate-Extension.swift"; sourceTree = "<group>"; };
		9AB92E9425934700009C95FC /* File.swift */ = {isa = PBXFileReference; lastKnownFileType = sourcecode.swift; path = File.swift; sourceTree = "<group>"; };
		9AB92E9C25947A79009C95FC /* AnchorGroup.swift */ = {isa = PBXFileReference; lastKnownFileType = sourcecode.swift; path = AnchorGroup.swift; sourceTree = "<group>"; };
		9AB92EA1259483A4009C95FC /* YYModelMag.swift */ = {isa = PBXFileReference; lastKnownFileType = sourcecode.swift; path = YYModelMag.swift; sourceTree = "<group>"; };
		9AB92EA6259493CC009C95FC /* RoomModel.swift */ = {isa = PBXFileReference; lastKnownFileType = sourcecode.swift; path = RoomModel.swift; sourceTree = "<group>"; };
		9AB92EAE259586E1009C95FC /* AnchorsModel.swift */ = {isa = PBXFileReference; lastKnownFileType = sourcecode.swift; path = AnchorsModel.swift; sourceTree = "<group>"; };
		9ABF415A2599A52E009CA0A4 /* CollectionBaseCell.swift */ = {isa = PBXFileReference; lastKnownFileType = sourcecode.swift; path = CollectionBaseCell.swift; sourceTree = "<group>"; };
		9ABF415F2599AB99009CA0A4 /* RecommendCycleView.swift */ = {isa = PBXFileReference; lastKnownFileType = sourcecode.swift; path = RecommendCycleView.swift; sourceTree = "<group>"; };
		9ABF416C2599ABCA009CA0A4 /* RecommendCycleView.xib */ = {isa = PBXFileReference; lastKnownFileType = file.xib; path = RecommendCycleView.xib; sourceTree = "<group>"; };
		9ABF417A2599D1EC009CA0A4 /* CycleModel.swift */ = {isa = PBXFileReference; lastKnownFileType = sourcecode.swift; path = CycleModel.swift; sourceTree = "<group>"; };
		9ABF417F2599D62B009CA0A4 /* CollectionCycleCell.swift */ = {isa = PBXFileReference; lastKnownFileType = sourcecode.swift; path = CollectionCycleCell.swift; sourceTree = "<group>"; };
		9ABF41802599D62B009CA0A4 /* CollectionCycleCell.xib */ = {isa = PBXFileReference; lastKnownFileType = file.xib; path = CollectionCycleCell.xib; sourceTree = "<group>"; };
		9ABF4186259AC3F2009CA0A4 /* RecommendGameView.swift */ = {isa = PBXFileReference; lastKnownFileType = sourcecode.swift; path = RecommendGameView.swift; sourceTree = "<group>"; };
		9ABF418B259AC3FE009CA0A4 /* RecommendGameView.xib */ = {isa = PBXFileReference; lastKnownFileType = file.xib; path = RecommendGameView.xib; sourceTree = "<group>"; };
		9ABF4190259AF886009CA0A4 /* CollectionGameCell.swift */ = {isa = PBXFileReference; lastKnownFileType = sourcecode.swift; path = CollectionGameCell.swift; sourceTree = "<group>"; };
		9ABF4191259AF886009CA0A4 /* CollectionGameCell.xib */ = {isa = PBXFileReference; lastKnownFileType = file.xib; path = CollectionGameCell.xib; sourceTree = "<group>"; };
		9AD308F52582225C00F8BFC8 /* DouYuApp.app */ = {isa = PBXFileReference; explicitFileType = wrapper.application; includeInIndex = 0; path = DouYuApp.app; sourceTree = BUILT_PRODUCTS_DIR; };
		9AD308F82582225C00F8BFC8 /* AppDelegate.swift */ = {isa = PBXFileReference; lastKnownFileType = sourcecode.swift; path = AppDelegate.swift; sourceTree = "<group>"; };
		9AD308FA2582225C00F8BFC8 /* SceneDelegate.swift */ = {isa = PBXFileReference; lastKnownFileType = sourcecode.swift; path = SceneDelegate.swift; sourceTree = "<group>"; };
		9AD308FC2582225C00F8BFC8 /* MainViewController.swift */ = {isa = PBXFileReference; lastKnownFileType = sourcecode.swift; path = MainViewController.swift; sourceTree = "<group>"; };
		9AD309022582225C00F8BFC8 /* DouYuApp.xcdatamodel */ = {isa = PBXFileReference; lastKnownFileType = wrapper.xcdatamodel; path = DouYuApp.xcdatamodel; sourceTree = "<group>"; };
		9AD309072582225F00F8BFC8 /* Base */ = {isa = PBXFileReference; lastKnownFileType = file.storyboard; name = Base; path = Base.lproj/LaunchScreen.storyboard; sourceTree = "<group>"; };
		9AD309092582225F00F8BFC8 /* Info.plist */ = {isa = PBXFileReference; lastKnownFileType = text.plist.xml; path = Info.plist; sourceTree = "<group>"; };
		9AD3090E2582225F00F8BFC8 /* DouYuAppTests.xctest */ = {isa = PBXFileReference; explicitFileType = wrapper.cfbundle; includeInIndex = 0; path = DouYuAppTests.xctest; sourceTree = BUILT_PRODUCTS_DIR; };
		9AD309122582225F00F8BFC8 /* DouYuAppTests.swift */ = {isa = PBXFileReference; lastKnownFileType = sourcecode.swift; path = DouYuAppTests.swift; sourceTree = "<group>"; };
		9AD309142582225F00F8BFC8 /* Info.plist */ = {isa = PBXFileReference; lastKnownFileType = text.plist.xml; path = Info.plist; sourceTree = "<group>"; };
		9AD309192582225F00F8BFC8 /* DouYuAppUITests.xctest */ = {isa = PBXFileReference; explicitFileType = wrapper.cfbundle; includeInIndex = 0; path = DouYuAppUITests.xctest; sourceTree = BUILT_PRODUCTS_DIR; };
		9AD3091D2582225F00F8BFC8 /* DouYuAppUITests.swift */ = {isa = PBXFileReference; lastKnownFileType = sourcecode.swift; path = DouYuAppUITests.swift; sourceTree = "<group>"; };
		9AD3091F2582225F00F8BFC8 /* Info.plist */ = {isa = PBXFileReference; lastKnownFileType = text.plist.xml; path = Info.plist; sourceTree = "<group>"; };
		9AD30954258315E200F8BFC8 /* Assets.xcassets */ = {isa = PBXFileReference; lastKnownFileType = folder.assetcatalog; name = Assets.xcassets; path = "../../../../Downloads/DouYuZB-master/DYZB/DYZB/Assets.xcassets"; sourceTree = "<group>"; };
		9AD3097425833B3900F8BFC8 /* HomeViewController.swift */ = {isa = PBXFileReference; lastKnownFileType = sourcecode.swift; path = HomeViewController.swift; sourceTree = "<group>"; };
		9AD3097C25833B5600F8BFC8 /* FollowPageViewController.swift */ = {isa = PBXFileReference; lastKnownFileType = sourcecode.swift; path = FollowPageViewController.swift; sourceTree = "<group>"; };
		9AD3098125833B7000F8BFC8 /* LivePageViewController.swift */ = {isa = PBXFileReference; lastKnownFileType = sourcecode.swift; path = LivePageViewController.swift; sourceTree = "<group>"; };
		9AD3098625833B8700F8BFC8 /* ProfileViewController.swift */ = {isa = PBXFileReference; lastKnownFileType = sourcecode.swift; path = ProfileViewController.swift; sourceTree = "<group>"; };
		9AD9A5FE258CA8D800989628 /* RecommendViewController.swift */ = {isa = PBXFileReference; lastKnownFileType = sourcecode.swift; path = RecommendViewController.swift; sourceTree = "<group>"; };
		9AD9A61F258DFDCE00989628 /* CollCollectionHeaderView.swift */ = {isa = PBXFileReference; lastKnownFileType = sourcecode.swift; path = CollCollectionHeaderView.swift; sourceTree = "<group>"; };
		9AD9A620258DFDCE00989628 /* CollCollectionHeaderView.xib */ = {isa = PBXFileReference; lastKnownFileType = file.xib; path = CollCollectionHeaderView.xib; sourceTree = "<group>"; };
		B9D0676BA998825381454386 /* Pods-DouYuApp.release.xcconfig */ = {isa = PBXFileReference; includeInIndex = 1; lastKnownFileType = text.xcconfig; name = "Pods-DouYuApp.release.xcconfig"; path = "Target Support Files/Pods-DouYuApp/Pods-DouYuApp.release.xcconfig"; sourceTree = "<group>"; };
		D7A9402371EF19BD2DBA8B89 /* Pods-DouYuApp.debug.xcconfig */ = {isa = PBXFileReference; includeInIndex = 1; lastKnownFileType = text.xcconfig; name = "Pods-DouYuApp.debug.xcconfig"; path = "Target Support Files/Pods-DouYuApp/Pods-DouYuApp.debug.xcconfig"; sourceTree = "<group>"; };
/* End PBXFileReference section */

/* Begin PBXFrameworksBuildPhase section */
		9AD308F22582225C00F8BFC8 /* Frameworks */ = {
			isa = PBXFrameworksBuildPhase;
			buildActionMask = 2147483647;
			files = (
				00C15B4DAACF7B74E269BC64 /* Pods_DouYuApp.framework in Frameworks */,
			);
			runOnlyForDeploymentPostprocessing = 0;
		};
		9AD3090B2582225F00F8BFC8 /* Frameworks */ = {
			isa = PBXFrameworksBuildPhase;
			buildActionMask = 2147483647;
			files = (
			);
			runOnlyForDeploymentPostprocessing = 0;
		};
		9AD309162582225F00F8BFC8 /* Frameworks */ = {
			isa = PBXFrameworksBuildPhase;
			buildActionMask = 2147483647;
			files = (
			);
			runOnlyForDeploymentPostprocessing = 0;
		};
/* End PBXFrameworksBuildPhase section */

/* Begin PBXGroup section */
		4595D14BBEE310FAEF9C7A1A /* Pods */ = {
			isa = PBXGroup;
			children = (
				D7A9402371EF19BD2DBA8B89 /* Pods-DouYuApp.debug.xcconfig */,
				B9D0676BA998825381454386 /* Pods-DouYuApp.release.xcconfig */,
			);
			path = Pods;
			sourceTree = "<group>";
		};
		5D75E0EB8B605E3EA06FBDD0 /* Frameworks */ = {
			isa = PBXGroup;
			children = (
				3CABD5EB3484B0513682FD97 /* Pods_DouYuApp.framework */,
			);
			name = Frameworks;
			sourceTree = "<group>";
		};
		9A5C443325AEA2590045C6E8 /* ViewModel */ = {
			isa = PBXGroup;
			children = (
				9A5C443425AEA27D0045C6E8 /* BaseViewModel.swift */,
			);
			path = ViewModel;
			sourceTree = "<group>";
		};
		9A5C446F25B174F90045C6E8 /* Room */ = {
			isa = PBXGroup;
			children = (
				9A5C447125B1750F0045C6E8 /* Controller */,
				9A5C447025B175060045C6E8 /* ViewModel */,
				9A5C447325B175230045C6E8 /* View */,
				9A5C447225B1751A0045C6E8 /* Model */,
			);
			path = Room;
			sourceTree = "<group>";
		};
		9A5C447025B175060045C6E8 /* ViewModel */ = {
			isa = PBXGroup;
			children = (
			);
			path = ViewModel;
			sourceTree = "<group>";
		};
		9A5C447125B1750F0045C6E8 /* Controller */ = {
			isa = PBXGroup;
			children = (
				9A5C447425B1754E0045C6E8 /* RoomShowViewController.swift */,
				9A5C447C25B175750045C6E8 /* RoomNormalViewController.swift */,
			);
			path = Controller;
			sourceTree = "<group>";
		};
		9A5C447225B1751A0045C6E8 /* Model */ = {
			isa = PBXGroup;
			children = (
			);
			path = Model;
			sourceTree = "<group>";
		};
		9A5C447325B175230045C6E8 /* View */ = {
			isa = PBXGroup;
			children = (
			);
			path = View;
			sourceTree = "<group>";
		};
		9AB438F92583734A0085F06A /* Controller */ = {
			isa = PBXGroup;
			children = (
				9AB4391A2584AB020085F06A /* Main.storyboard */,
				9AD308FC2582225C00F8BFC8 /* MainViewController.swift */,
				9AB92E9425934700009C95FC /* File.swift */,
				9A5C443C25AEB7FB0045C6E8 /* BaseAnchorViewController.swift */,
				9A5C446A25B131A90045C6E8 /* BaseViewController.swift */,
				9A5C448125B1844C0045C6E8 /* CustomNavigationController.swift */,
			);
			path = Controller;
			sourceTree = "<group>";
		};
		9AB438FA2583735D0085F06A /* Model */ = {
			isa = PBXGroup;
			children = (
				9AB92E9C25947A79009C95FC /* AnchorGroup.swift */,
				9AB92EAE259586E1009C95FC /* AnchorsModel.swift */,
				9AB92EA6259493CC009C95FC /* RoomModel.swift */,
				9ABF417A2599D1EC009CA0A4 /* CycleModel.swift */,
				9A5C442425AD75190045C6E8 /* BaseGameModel.swift */,
			);
			path = Model;
			sourceTree = "<group>";
		};
		9AB438FB258373690085F06A /* View */ = {
			isa = PBXGroup;
			children = (
				9AB439292584C6A90085F06A /* PageTitleView.swift */,
				9A2E8ED62588985100EB0940 /* PageContentView.swift */,
				9AB92E702590753D009C95FC /* CollectionViewNormalCell.swift */,
				9AB92E712590753D009C95FC /* CollectionViewNormalCell.xib */,
				9AB92E7725908229009C95FC /* CollectionViewPrettyCell.swift */,
				9AB92E7825908229009C95FC /* CollectionViewPrettyCell.xib */,
				9ABF415A2599A52E009CA0A4 /* CollectionBaseCell.swift */,
			);
			path = View;
			sourceTree = "<group>";
		};
		9AB438FC258373820085F06A /* Model */ = {
			isa = PBXGroup;
			children = (
				9A5C441F25AD6EE90045C6E8 /* GameModel.swift */,
			);
			path = Model;
			sourceTree = "<group>";
		};
		9AB438FD258373890085F06A /* View */ = {
			isa = PBXGroup;
			children = (
				9AD9A61F258DFDCE00989628 /* CollCollectionHeaderView.swift */,
				9AD9A620258DFDCE00989628 /* CollCollectionHeaderView.xib */,
				9ABF415F2599AB99009CA0A4 /* RecommendCycleView.swift */,
				9ABF416C2599ABCA009CA0A4 /* RecommendCycleView.xib */,
				9ABF417F2599D62B009CA0A4 /* CollectionCycleCell.swift */,
				9ABF41802599D62B009CA0A4 /* CollectionCycleCell.xib */,
				9ABF4186259AC3F2009CA0A4 /* RecommendGameView.swift */,
				9ABF418B259AC3FE009CA0A4 /* RecommendGameView.xib */,
				9ABF4190259AF886009CA0A4 /* CollectionGameCell.swift */,
				9ABF4191259AF886009CA0A4 /* CollectionGameCell.xib */,
				9A5C444725B023160045C6E8 /* AmuseMenuView.swift */,
				9A5C445425B023570045C6E8 /* AmuseMenuView.xib */,
				9A5C445925B03B3B0045C6E8 /* AmuseMenuCollectionViewCell.swift */,
				9A5C445A25B03B3B0045C6E8 /* AmuseMenuCollectionViewCell.xib */,
			);
			path = View;
			sourceTree = "<group>";
		};
		9AB438FE258373910085F06A /* Controller */ = {
			isa = PBXGroup;
			children = (
				9AB438E225836A4F0085F06A /* Home.storyboard */,
				9AD3097425833B3900F8BFC8 /* HomeViewController.swift */,
				9AD9A5FE258CA8D800989628 /* RecommendViewController.swift */,
				9A5C440625AC46070045C6E8 /* GameViewController.swift */,
				9A5C442925ADA0D60045C6E8 /* AmuseViewController.swift */,
				9A5C446025B04A560045C6E8 /* FunnyViewController.swift */,
			);
			path = Controller;
			sourceTree = "<group>";
		};
		9AB4390E258492E30085F06A /* Extension */ = {
			isa = PBXGroup;
			children = (
				9AB4390F258493170085F06A /* UIBarButtonItem-Extension.swift */,
				9A2E8EDB2588B38000EB0940 /* UIColor-Extension.swift */,
				9AB92E7E2590A4D2009C95FC /* NetworkTools.swift */,
				9AB92E8F2591F76C009C95FC /* NSDate-Extension.swift */,
				9AB92EA1259483A4009C95FC /* YYModelMag.swift */,
			);
			path = Extension;
			sourceTree = "<group>";
		};
		9AB92E832591E3E7009C95FC /* ViewModel */ = {
			isa = PBXGroup;
			children = (
				9AB92E842591E402009C95FC /* RecommendViewModel.swift */,
				9A5C441A25AD6DF70045C6E8 /* GameViewModel.swift */,
				9A5C442E25ADA2990045C6E8 /* AmuseViewModel.swift */,
				9A5C446525B11FB20045C6E8 /* FunnyViewModel.swift */,
			);
			path = ViewModel;
			sourceTree = "<group>";
		};
		9AD308EC2582225C00F8BFC8 = {
			isa = PBXGroup;
			children = (
				9AD308F72582225C00F8BFC8 /* DouYuApp */,
				9AD309112582225F00F8BFC8 /* DouYuAppTests */,
				9AD3091C2582225F00F8BFC8 /* DouYuAppUITests */,
				9AD308F62582225C00F8BFC8 /* Products */,
				4595D14BBEE310FAEF9C7A1A /* Pods */,
				5D75E0EB8B605E3EA06FBDD0 /* Frameworks */,
			);
			sourceTree = "<group>";
		};
		9AD308F62582225C00F8BFC8 /* Products */ = {
			isa = PBXGroup;
			children = (
				9AD308F52582225C00F8BFC8 /* DouYuApp.app */,
				9AD3090E2582225F00F8BFC8 /* DouYuAppTests.xctest */,
				9AD309192582225F00F8BFC8 /* DouYuAppUITests.xctest */,
			);
			name = Products;
			sourceTree = "<group>";
		};
		9AD308F72582225C00F8BFC8 /* DouYuApp */ = {
			isa = PBXGroup;
			children = (
				9AD3096E258339C300F8BFC8 /* Main */,
				9A5C446F25B174F90045C6E8 /* Room */,
				9AD3096F258339D600F8BFC8 /* Home */,
				9AD30972258339EC00F8BFC8 /* Follow */,
				9AD30970258339DE00F8BFC8 /* Live */,
				9AD30971258339E300F8BFC8 /* Profile */,
				9AD30973258339FB00F8BFC8 /* Tools */,
				9AD308F82582225C00F8BFC8 /* AppDelegate.swift */,
				9AD308FA2582225C00F8BFC8 /* SceneDelegate.swift */,
				9AD30954258315E200F8BFC8 /* Assets.xcassets */,
				9AD309062582225F00F8BFC8 /* LaunchScreen.storyboard */,
				9AD309092582225F00F8BFC8 /* Info.plist */,
				9AD309012582225C00F8BFC8 /* DouYuApp.xcdatamodeld */,
			);
			path = DouYuApp;
			sourceTree = "<group>";
		};
		9AD309112582225F00F8BFC8 /* DouYuAppTests */ = {
			isa = PBXGroup;
			children = (
				9AD309122582225F00F8BFC8 /* DouYuAppTests.swift */,
				9AD309142582225F00F8BFC8 /* Info.plist */,
			);
			path = DouYuAppTests;
			sourceTree = "<group>";
		};
		9AD3091C2582225F00F8BFC8 /* DouYuAppUITests */ = {
			isa = PBXGroup;
			children = (
				9AD3091D2582225F00F8BFC8 /* DouYuAppUITests.swift */,
				9AD3091F2582225F00F8BFC8 /* Info.plist */,
			);
			path = DouYuAppUITests;
			sourceTree = "<group>";
		};
		9AD3096E258339C300F8BFC8 /* Main */ = {
			isa = PBXGroup;
			children = (
				9A5C443325AEA2590045C6E8 /* ViewModel */,
				9AB438F92583734A0085F06A /* Controller */,
				9AB438FB258373690085F06A /* View */,
				9AB438FA2583735D0085F06A /* Model */,
			);
			path = Main;
			sourceTree = "<group>";
		};
		9AD3096F258339D600F8BFC8 /* Home */ = {
			isa = PBXGroup;
			children = (
				9AB92E832591E3E7009C95FC /* ViewModel */,
				9AB438FE258373910085F06A /* Controller */,
				9AB438FD258373890085F06A /* View */,
				9AB438FC258373820085F06A /* Model */,
			);
			path = Home;
			sourceTree = "<group>";
		};
		9AD30970258339DE00F8BFC8 /* Live */ = {
			isa = PBXGroup;
			children = (
				9AB438F125836AB20085F06A /* Live.storyboard */,
				9AD3098125833B7000F8BFC8 /* LivePageViewController.swift */,
			);
			path = Live;
			sourceTree = "<group>";
		};
		9AD30971258339E300F8BFC8 /* Profile */ = {
			isa = PBXGroup;
			children = (
				9AB438EC25836A9B0085F06A /* Profile.storyboard */,
				9AD3098625833B8700F8BFC8 /* ProfileViewController.swift */,
			);
			path = Profile;
			sourceTree = "<group>";
		};
		9AD30972258339EC00F8BFC8 /* Follow */ = {
			isa = PBXGroup;
			children = (
				9AB438E725836A7C0085F06A /* Follow.storyboard */,
				9AD3097C25833B5600F8BFC8 /* FollowPageViewController.swift */,
			);
			path = Follow;
			sourceTree = "<group>";
		};
		9AD30973258339FB00F8BFC8 /* Tools */ = {
			isa = PBXGroup;
			children = (
				9AB4390E258492E30085F06A /* Extension */,
				9AB4392E2584C9050085F06A /* Common.swift */,
			);
			path = Tools;
			sourceTree = "<group>";
		};
/* End PBXGroup section */

/* Begin PBXNativeTarget section */
		9AD308F42582225C00F8BFC8 /* DouYuApp */ = {
			isa = PBXNativeTarget;
			buildConfigurationList = 9AD309222582225F00F8BFC8 /* Build configuration list for PBXNativeTarget "DouYuApp" */;
			buildPhases = (
				044071BF75467BC9AD9415A0 /* [CP] Check Pods Manifest.lock */,
				9AD308F12582225C00F8BFC8 /* Sources */,
				9AD308F22582225C00F8BFC8 /* Frameworks */,
				9AD308F32582225C00F8BFC8 /* Resources */,
				0FC2A772DE5C9F376643D8DA /* [CP] Embed Pods Frameworks */,
			);
			buildRules = (
			);
			dependencies = (
			);
			name = DouYuApp;
			productName = DouYuApp;
			productReference = 9AD308F52582225C00F8BFC8 /* DouYuApp.app */;
			productType = "com.apple.product-type.application";
		};
		9AD3090D2582225F00F8BFC8 /* DouYuAppTests */ = {
			isa = PBXNativeTarget;
			buildConfigurationList = 9AD309252582225F00F8BFC8 /* Build configuration list for PBXNativeTarget "DouYuAppTests" */;
			buildPhases = (
				9AD3090A2582225F00F8BFC8 /* Sources */,
				9AD3090B2582225F00F8BFC8 /* Frameworks */,
				9AD3090C2582225F00F8BFC8 /* Resources */,
			);
			buildRules = (
			);
			dependencies = (
				9AD309102582225F00F8BFC8 /* PBXTargetDependency */,
			);
			name = DouYuAppTests;
			productName = DouYuAppTests;
			productReference = 9AD3090E2582225F00F8BFC8 /* DouYuAppTests.xctest */;
			productType = "com.apple.product-type.bundle.unit-test";
		};
		9AD309182582225F00F8BFC8 /* DouYuAppUITests */ = {
			isa = PBXNativeTarget;
			buildConfigurationList = 9AD309282582225F00F8BFC8 /* Build configuration list for PBXNativeTarget "DouYuAppUITests" */;
			buildPhases = (
				9AD309152582225F00F8BFC8 /* Sources */,
				9AD309162582225F00F8BFC8 /* Frameworks */,
				9AD309172582225F00F8BFC8 /* Resources */,
			);
			buildRules = (
			);
			dependencies = (
				9AD3091B2582225F00F8BFC8 /* PBXTargetDependency */,
			);
			name = DouYuAppUITests;
			productName = DouYuAppUITests;
			productReference = 9AD309192582225F00F8BFC8 /* DouYuAppUITests.xctest */;
			productType = "com.apple.product-type.bundle.ui-testing";
		};
/* End PBXNativeTarget section */

/* Begin PBXProject section */
		9AD308ED2582225C00F8BFC8 /* Project object */ = {
			isa = PBXProject;
			attributes = {
				LastSwiftUpdateCheck = 1220;
				LastUpgradeCheck = 1220;
				TargetAttributes = {
					9AD308F42582225C00F8BFC8 = {
						CreatedOnToolsVersion = 12.2;
					};
					9AD3090D2582225F00F8BFC8 = {
						CreatedOnToolsVersion = 12.2;
						TestTargetID = 9AD308F42582225C00F8BFC8;
					};
					9AD309182582225F00F8BFC8 = {
						CreatedOnToolsVersion = 12.2;
						TestTargetID = 9AD308F42582225C00F8BFC8;
					};
				};
			};
			buildConfigurationList = 9AD308F02582225C00F8BFC8 /* Build configuration list for PBXProject "DouYuApp" */;
			compatibilityVersion = "Xcode 9.3";
			developmentRegion = en;
			hasScannedForEncodings = 0;
			knownRegions = (
				en,
				Base,
			);
			mainGroup = 9AD308EC2582225C00F8BFC8;
			productRefGroup = 9AD308F62582225C00F8BFC8 /* Products */;
			projectDirPath = "";
			projectRoot = "";
			targets = (
				9AD308F42582225C00F8BFC8 /* DouYuApp */,
				9AD3090D2582225F00F8BFC8 /* DouYuAppTests */,
				9AD309182582225F00F8BFC8 /* DouYuAppUITests */,
			);
		};
/* End PBXProject section */

/* Begin PBXResourcesBuildPhase section */
		9AD308F32582225C00F8BFC8 /* Resources */ = {
			isa = PBXResourcesBuildPhase;
			buildActionMask = 2147483647;
			files = (
				9AB4391B2584AB020085F06A /* Main.storyboard in Resources */,
				9AB438ED25836A9B0085F06A /* Profile.storyboard in Resources */,
				9AB438E825836A7C0085F06A /* Follow.storyboard in Resources */,
				9AD309082582225F00F8BFC8 /* LaunchScreen.storyboard in Resources */,
				9AB92E7A25908229009C95FC /* CollectionViewPrettyCell.xib in Resources */,
				9AD30955258315E200F8BFC8 /* Assets.xcassets in Resources */,
				9AB92E732590753D009C95FC /* CollectionViewNormalCell.xib in Resources */,
				9A5C445C25B03B3B0045C6E8 /* AmuseMenuCollectionViewCell.xib in Resources */,
				9ABF4193259AF886009CA0A4 /* CollectionGameCell.xib in Resources */,
				9A5C445525B023570045C6E8 /* AmuseMenuView.xib in Resources */,
				9ABF416D2599ABCA009CA0A4 /* RecommendCycleView.xib in Resources */,
				9ABF41822599D62B009CA0A4 /* CollectionCycleCell.xib in Resources */,
				9AB438E325836A4F0085F06A /* Home.storyboard in Resources */,
				9AB438F225836AB20085F06A /* Live.storyboard in Resources */,
				9ABF418C259AC3FE009CA0A4 /* RecommendGameView.xib in Resources */,
				9AD9A622258DFDCE00989628 /* CollCollectionHeaderView.xib in Resources */,
			);
			runOnlyForDeploymentPostprocessing = 0;
		};
		9AD3090C2582225F00F8BFC8 /* Resources */ = {
			isa = PBXResourcesBuildPhase;
			buildActionMask = 2147483647;
			files = (
			);
			runOnlyForDeploymentPostprocessing = 0;
		};
		9AD309172582225F00F8BFC8 /* Resources */ = {
			isa = PBXResourcesBuildPhase;
			buildActionMask = 2147483647;
			files = (
			);
			runOnlyForDeploymentPostprocessing = 0;
		};
/* End PBXResourcesBuildPhase section */

/* Begin PBXShellScriptBuildPhase section */
		044071BF75467BC9AD9415A0 /* [CP] Check Pods Manifest.lock */ = {
			isa = PBXShellScriptBuildPhase;
			buildActionMask = 2147483647;
			files = (
			);
			inputFileListPaths = (
			);
			inputPaths = (
				"${PODS_PODFILE_DIR_PATH}/Podfile.lock",
				"${PODS_ROOT}/Manifest.lock",
			);
			name = "[CP] Check Pods Manifest.lock";
			outputFileListPaths = (
			);
			outputPaths = (
				"$(DERIVED_FILE_DIR)/Pods-DouYuApp-checkManifestLockResult.txt",
			);
			runOnlyForDeploymentPostprocessing = 0;
			shellPath = /bin/sh;
			shellScript = "diff \"${PODS_PODFILE_DIR_PATH}/Podfile.lock\" \"${PODS_ROOT}/Manifest.lock\" > /dev/null\nif [ $? != 0 ] ; then\n    # print error to STDERR\n    echo \"error: The sandbox is not in sync with the Podfile.lock. Run 'pod install' or update your CocoaPods installation.\" >&2\n    exit 1\nfi\n# This output is used by Xcode 'outputs' to avoid re-running this script phase.\necho \"SUCCESS\" > \"${SCRIPT_OUTPUT_FILE_0}\"\n";
			showEnvVarsInLog = 0;
		};
		0FC2A772DE5C9F376643D8DA /* [CP] Embed Pods Frameworks */ = {
			isa = PBXShellScriptBuildPhase;
			buildActionMask = 2147483647;
			files = (
			);
			inputFileListPaths = (
				"${PODS_ROOT}/Target Support Files/Pods-DouYuApp/Pods-DouYuApp-frameworks-${CONFIGURATION}-input-files.xcfilelist",
			);
			name = "[CP] Embed Pods Frameworks";
			outputFileListPaths = (
				"${PODS_ROOT}/Target Support Files/Pods-DouYuApp/Pods-DouYuApp-frameworks-${CONFIGURATION}-output-files.xcfilelist",
			);
			runOnlyForDeploymentPostprocessing = 0;
			shellPath = /bin/sh;
			shellScript = "\"${PODS_ROOT}/Target Support Files/Pods-DouYuApp/Pods-DouYuApp-frameworks.sh\"\n";
			showEnvVarsInLog = 0;
		};
/* End PBXShellScriptBuildPhase section */

/* Begin PBXSourcesBuildPhase section */
		9AD308F12582225C00F8BFC8 /* Sources */ = {
			isa = PBXSourcesBuildPhase;
			buildActionMask = 2147483647;
			files = (
				9AB92EAF259586E1009C95FC /* AnchorsModel.swift in Sources */,
				9AD309032582225C00F8BFC8 /* DouYuApp.xcdatamodeld in Sources */,
				9AD3098225833B7000F8BFC8 /* LivePageViewController.swift in Sources */,
				9A5C441B25AD6DF70045C6E8 /* GameViewModel.swift in Sources */,
				9A5C442525AD75190045C6E8 /* BaseGameModel.swift in Sources */,
				9AB4392A2584C6A90085F06A /* PageTitleView.swift in Sources */,
				9A5C448225B1844C0045C6E8 /* CustomNavigationController.swift in Sources */,
				9A5C442A25ADA0D60045C6E8 /* AmuseViewController.swift in Sources */,
				9AD308FD2582225C00F8BFC8 /* MainViewController.swift in Sources */,
				9AB4392F2584C9050085F06A /* Common.swift in Sources */,
				9AB92E852591E402009C95FC /* RecommendViewModel.swift in Sources */,
				9AD3097D25833B5600F8BFC8 /* FollowPageViewController.swift in Sources */,
				9AD308F92582225C00F8BFC8 /* AppDelegate.swift in Sources */,
				9AB92E9D25947A79009C95FC /* AnchorGroup.swift in Sources */,
				9A5C446B25B131A90045C6E8 /* BaseViewController.swift in Sources */,
				9A5C445B25B03B3B0045C6E8 /* AmuseMenuCollectionViewCell.swift in Sources */,
				9A2E8ED72588985100EB0940 /* PageContentView.swift in Sources */,
				9ABF4192259AF886009CA0A4 /* CollectionGameCell.swift in Sources */,
				9A5C443D25AEB7FB0045C6E8 /* BaseAnchorViewController.swift in Sources */,
				9A5C446125B04A560045C6E8 /* FunnyViewController.swift in Sources */,
				9A5C440725AC46070045C6E8 /* GameViewController.swift in Sources */,
				9A5C447D25B175750045C6E8 /* RoomNormalViewController.swift in Sources */,
				9A5C444825B023160045C6E8 /* AmuseMenuView.swift in Sources */,
				9ABF4187259AC3F2009CA0A4 /* RecommendGameView.swift in Sources */,
				9A5C446625B11FB20045C6E8 /* FunnyViewModel.swift in Sources */,
				9A2E8EDC2588B38000EB0940 /* UIColor-Extension.swift in Sources */,
				9ABF415B2599A52E009CA0A4 /* CollectionBaseCell.swift in Sources */,
				9AB92E902591F76C009C95FC /* NSDate-Extension.swift in Sources */,
				9AB92E722590753D009C95FC /* CollectionViewNormalCell.swift in Sources */,
				9AB92EA7259493CC009C95FC /* RoomModel.swift in Sources */,
				9AD9A5FF258CA8D800989628 /* RecommendViewController.swift in Sources */,
				9ABF41602599AB99009CA0A4 /* RecommendCycleView.swift in Sources */,
				9ABF41812599D62B009CA0A4 /* CollectionCycleCell.swift in Sources */,
				9AD3097525833B3900F8BFC8 /* HomeViewController.swift in Sources */,
				9AD3098725833B8700F8BFC8 /* ProfileViewController.swift in Sources */,
				9ABF417B2599D1EC009CA0A4 /* CycleModel.swift in Sources */,
				9AD308FB2582225C00F8BFC8 /* SceneDelegate.swift in Sources */,
				9AB92E9525934700009C95FC /* File.swift in Sources */,
				9AB92EA2259483A4009C95FC /* YYModelMag.swift in Sources */,
				9AB92E7F2590A4D2009C95FC /* NetworkTools.swift in Sources */,
				9AB92E7925908229009C95FC /* CollectionViewPrettyCell.swift in Sources */,
				9A5C443525AEA27D0045C6E8 /* BaseViewModel.swift in Sources */,
				9AB43910258493170085F06A /* UIBarButtonItem-Extension.swift in Sources */,
				9A5C447525B1754E0045C6E8 /* RoomShowViewController.swift in Sources */,
				9AD9A621258DFDCE00989628 /* CollCollectionHeaderView.swift in Sources */,
				9A5C442025AD6EE90045C6E8 /* GameModel.swift in Sources */,
				9A5C442F25ADA2990045C6E8 /* AmuseViewModel.swift in Sources */,
			);
			runOnlyForDeploymentPostprocessing = 0;
		};
		9AD3090A2582225F00F8BFC8 /* Sources */ = {
			isa = PBXSourcesBuildPhase;
			buildActionMask = 2147483647;
			files = (
				9AD309132582225F00F8BFC8 /* DouYuAppTests.swift in Sources */,
			);
			runOnlyForDeploymentPostprocessing = 0;
		};
		9AD309152582225F00F8BFC8 /* Sources */ = {
			isa = PBXSourcesBuildPhase;
			buildActionMask = 2147483647;
			files = (
				9AD3091E2582225F00F8BFC8 /* DouYuAppUITests.swift in Sources */,
			);
			runOnlyForDeploymentPostprocessing = 0;
		};
/* End PBXSourcesBuildPhase section */

/* Begin PBXTargetDependency section */
		9AD309102582225F00F8BFC8 /* PBXTargetDependency */ = {
			isa = PBXTargetDependency;
			target = 9AD308F42582225C00F8BFC8 /* DouYuApp */;
			targetProxy = 9AD3090F2582225F00F8BFC8 /* PBXContainerItemProxy */;
		};
		9AD3091B2582225F00F8BFC8 /* PBXTargetDependency */ = {
			isa = PBXTargetDependency;
			target = 9AD308F42582225C00F8BFC8 /* DouYuApp */;
			targetProxy = 9AD3091A2582225F00F8BFC8 /* PBXContainerItemProxy */;
		};
/* End PBXTargetDependency section */

/* Begin PBXVariantGroup section */
		9AD309062582225F00F8BFC8 /* LaunchScreen.storyboard */ = {
			isa = PBXVariantGroup;
			children = (
				9AD309072582225F00F8BFC8 /* Base */,
			);
			name = LaunchScreen.storyboard;
			sourceTree = "<group>";
		};
/* End PBXVariantGroup section */

/* Begin XCBuildConfiguration section */
		9AD309202582225F00F8BFC8 /* Debug */ = {
			isa = XCBuildConfiguration;
			buildSettings = {
				ALWAYS_SEARCH_USER_PATHS = NO;
				CLANG_ANALYZER_NONNULL = YES;
				CLANG_ANALYZER_NUMBER_OBJECT_CONVERSION = YES_AGGRESSIVE;
				CLANG_CXX_LANGUAGE_STANDARD = "gnu++14";
				CLANG_CXX_LIBRARY = "libc++";
				CLANG_ENABLE_MODULES = YES;
				CLANG_ENABLE_OBJC_ARC = YES;
				CLANG_ENABLE_OBJC_WEAK = YES;
				CLANG_WARN_BLOCK_CAPTURE_AUTORELEASING = YES;
				CLANG_WARN_BOOL_CONVERSION = YES;
				CLANG_WARN_COMMA = YES;
				CLANG_WARN_CONSTANT_CONVERSION = YES;
				CLANG_WARN_DEPRECATED_OBJC_IMPLEMENTATIONS = YES;
				CLANG_WARN_DIRECT_OBJC_ISA_USAGE = YES_ERROR;
				CLANG_WARN_DOCUMENTATION_COMMENTS = YES;
				CLANG_WARN_EMPTY_BODY = YES;
				CLANG_WARN_ENUM_CONVERSION = YES;
				CLANG_WARN_INFINITE_RECURSION = YES;
				CLANG_WARN_INT_CONVERSION = YES;
				CLANG_WARN_NON_LITERAL_NULL_CONVERSION = YES;
				CLANG_WARN_OBJC_IMPLICIT_RETAIN_SELF = YES;
				CLANG_WARN_OBJC_LITERAL_CONVERSION = YES;
				CLANG_WARN_OBJC_ROOT_CLASS = YES_ERROR;
				CLANG_WARN_QUOTED_INCLUDE_IN_FRAMEWORK_HEADER = YES;
				CLANG_WARN_RANGE_LOOP_ANALYSIS = YES;
				CLANG_WARN_STRICT_PROTOTYPES = YES;
				CLANG_WARN_SUSPICIOUS_MOVE = YES;
				CLANG_WARN_UNGUARDED_AVAILABILITY = YES_AGGRESSIVE;
				CLANG_WARN_UNREACHABLE_CODE = YES;
				CLANG_WARN__DUPLICATE_METHOD_MATCH = YES;
				COPY_PHASE_STRIP = NO;
				DEBUG_INFORMATION_FORMAT = dwarf;
				ENABLE_STRICT_OBJC_MSGSEND = YES;
				ENABLE_TESTABILITY = YES;
				GCC_C_LANGUAGE_STANDARD = gnu11;
				GCC_DYNAMIC_NO_PIC = NO;
				GCC_NO_COMMON_BLOCKS = YES;
				GCC_OPTIMIZATION_LEVEL = 0;
				GCC_PREPROCESSOR_DEFINITIONS = (
					"DEBUG=1",
					"$(inherited)",
				);
				GCC_WARN_64_TO_32_BIT_CONVERSION = YES;
				GCC_WARN_ABOUT_RETURN_TYPE = YES_ERROR;
				GCC_WARN_UNDECLARED_SELECTOR = YES;
				GCC_WARN_UNINITIALIZED_AUTOS = YES_AGGRESSIVE;
				GCC_WARN_UNUSED_FUNCTION = YES;
				GCC_WARN_UNUSED_VARIABLE = YES;
				IPHONEOS_DEPLOYMENT_TARGET = 14.2;
				MTL_ENABLE_DEBUG_INFO = INCLUDE_SOURCE;
				MTL_FAST_MATH = YES;
				ONLY_ACTIVE_ARCH = YES;
				SDKROOT = iphoneos;
				SWIFT_ACTIVE_COMPILATION_CONDITIONS = DEBUG;
				SWIFT_OPTIMIZATION_LEVEL = "-Onone";
			};
			name = Debug;
		};
		9AD309212582225F00F8BFC8 /* Release */ = {
			isa = XCBuildConfiguration;
			buildSettings = {
				ALWAYS_SEARCH_USER_PATHS = NO;
				CLANG_ANALYZER_NONNULL = YES;
				CLANG_ANALYZER_NUMBER_OBJECT_CONVERSION = YES_AGGRESSIVE;
				CLANG_CXX_LANGUAGE_STANDARD = "gnu++14";
				CLANG_CXX_LIBRARY = "libc++";
				CLANG_ENABLE_MODULES = YES;
				CLANG_ENABLE_OBJC_ARC = YES;
				CLANG_ENABLE_OBJC_WEAK = YES;
				CLANG_WARN_BLOCK_CAPTURE_AUTORELEASING = YES;
				CLANG_WARN_BOOL_CONVERSION = YES;
				CLANG_WARN_COMMA = YES;
				CLANG_WARN_CONSTANT_CONVERSION = YES;
				CLANG_WARN_DEPRECATED_OBJC_IMPLEMENTATIONS = YES;
				CLANG_WARN_DIRECT_OBJC_ISA_USAGE = YES_ERROR;
				CLANG_WARN_DOCUMENTATION_COMMENTS = YES;
				CLANG_WARN_EMPTY_BODY = YES;
				CLANG_WARN_ENUM_CONVERSION = YES;
				CLANG_WARN_INFINITE_RECURSION = YES;
				CLANG_WARN_INT_CONVERSION = YES;
				CLANG_WARN_NON_LITERAL_NULL_CONVERSION = YES;
				CLANG_WARN_OBJC_IMPLICIT_RETAIN_SELF = YES;
				CLANG_WARN_OBJC_LITERAL_CONVERSION = YES;
				CLANG_WARN_OBJC_ROOT_CLASS = YES_ERROR;
				CLANG_WARN_QUOTED_INCLUDE_IN_FRAMEWORK_HEADER = YES;
				CLANG_WARN_RANGE_LOOP_ANALYSIS = YES;
				CLANG_WARN_STRICT_PROTOTYPES = YES;
				CLANG_WARN_SUSPICIOUS_MOVE = YES;
				CLANG_WARN_UNGUARDED_AVAILABILITY = YES_AGGRESSIVE;
				CLANG_WARN_UNREACHABLE_CODE = YES;
				CLANG_WARN__DUPLICATE_METHOD_MATCH = YES;
				COPY_PHASE_STRIP = NO;
				DEBUG_INFORMATION_FORMAT = "dwarf-with-dsym";
				ENABLE_NS_ASSERTIONS = NO;
				ENABLE_STRICT_OBJC_MSGSEND = YES;
				GCC_C_LANGUAGE_STANDARD = gnu11;
				GCC_NO_COMMON_BLOCKS = YES;
				GCC_WARN_64_TO_32_BIT_CONVERSION = YES;
				GCC_WARN_ABOUT_RETURN_TYPE = YES_ERROR;
				GCC_WARN_UNDECLARED_SELECTOR = YES;
				GCC_WARN_UNINITIALIZED_AUTOS = YES_AGGRESSIVE;
				GCC_WARN_UNUSED_FUNCTION = YES;
				GCC_WARN_UNUSED_VARIABLE = YES;
				IPHONEOS_DEPLOYMENT_TARGET = 14.2;
				MTL_ENABLE_DEBUG_INFO = NO;
				MTL_FAST_MATH = YES;
				SDKROOT = iphoneos;
				SWIFT_COMPILATION_MODE = wholemodule;
				SWIFT_OPTIMIZATION_LEVEL = "-O";
				VALIDATE_PRODUCT = YES;
			};
			name = Release;
		};
		9AD309232582225F00F8BFC8 /* Debug */ = {
			isa = XCBuildConfiguration;
			baseConfigurationReference = D7A9402371EF19BD2DBA8B89 /* Pods-DouYuApp.debug.xcconfig */;
			buildSettings = {
				ASSETCATALOG_COMPILER_APPICON_NAME = AppIcon;
				ASSETCATALOG_COMPILER_GLOBAL_ACCENT_COLOR_NAME = AccentColor;
				CODE_SIGN_STYLE = Automatic;
				DEVELOPMENT_TEAM = HH2Y65XC6Y;
				INFOPLIST_FILE = DouYuApp/Info.plist;
				IPHONEOS_DEPLOYMENT_TARGET = 14.2;
				LD_RUNPATH_SEARCH_PATHS = (
					"$(inherited)",
					"@executable_path/Frameworks",
				);
				PRODUCT_BUNDLE_IDENTIFIER = douyu.DouYuApp;
				PRODUCT_NAME = "$(TARGET_NAME)";
				SWIFT_VERSION = 5.0;
				TARGETED_DEVICE_FAMILY = 1;
			};
			name = Debug;
		};
		9AD309242582225F00F8BFC8 /* Release */ = {
			isa = XCBuildConfiguration;
			baseConfigurationReference = B9D0676BA998825381454386 /* Pods-DouYuApp.release.xcconfig */;
			buildSettings = {
				ASSETCATALOG_COMPILER_APPICON_NAME = AppIcon;
				ASSETCATALOG_COMPILER_GLOBAL_ACCENT_COLOR_NAME = AccentColor;
				CODE_SIGN_STYLE = Automatic;
				DEVELOPMENT_TEAM = HH2Y65XC6Y;
				INFOPLIST_FILE = DouYuApp/Info.plist;
				IPHONEOS_DEPLOYMENT_TARGET = 14.2;
				LD_RUNPATH_SEARCH_PATHS = (
					"$(inherited)",
					"@executable_path/Frameworks",
				);
				PRODUCT_BUNDLE_IDENTIFIER = douyu.DouYuApp;
				PRODUCT_NAME = "$(TARGET_NAME)";
				SWIFT_VERSION = 5.0;
				TARGETED_DEVICE_FAMILY = 1;
			};
			name = Release;
		};
		9AD309262582225F00F8BFC8 /* Debug */ = {
			isa = XCBuildConfiguration;
			buildSettings = {
				ALWAYS_EMBED_SWIFT_STANDARD_LIBRARIES = YES;
				BUNDLE_LOADER = "$(TEST_HOST)";
				CODE_SIGN_STYLE = Automatic;
				DEVELOPMENT_TEAM = HH2Y65XC6Y;
				INFOPLIST_FILE = DouYuAppTests/Info.plist;
				IPHONEOS_DEPLOYMENT_TARGET = 14.2;
				LD_RUNPATH_SEARCH_PATHS = (
					"$(inherited)",
					"@executable_path/Frameworks",
					"@loader_path/Frameworks",
				);
				PRODUCT_BUNDLE_IDENTIFIER = douyu.DouYuAppTests;
				PRODUCT_NAME = "$(TARGET_NAME)";
				SWIFT_VERSION = 5.0;
				TARGETED_DEVICE_FAMILY = "1,2";
				TEST_HOST = "$(BUILT_PRODUCTS_DIR)/DouYuApp.app/DouYuApp";
			};
			name = Debug;
		};
		9AD309272582225F00F8BFC8 /* Release */ = {
			isa = XCBuildConfiguration;
			buildSettings = {
				ALWAYS_EMBED_SWIFT_STANDARD_LIBRARIES = YES;
				BUNDLE_LOADER = "$(TEST_HOST)";
				CODE_SIGN_STYLE = Automatic;
				DEVELOPMENT_TEAM = HH2Y65XC6Y;
				INFOPLIST_FILE = DouYuAppTests/Info.plist;
				IPHONEOS_DEPLOYMENT_TARGET = 14.2;
				LD_RUNPATH_SEARCH_PATHS = (
					"$(inherited)",
					"@executable_path/Frameworks",
					"@loader_path/Frameworks",
				);
				PRODUCT_BUNDLE_IDENTIFIER = douyu.DouYuAppTests;
				PRODUCT_NAME = "$(TARGET_NAME)";
				SWIFT_VERSION = 5.0;
				TARGETED_DEVICE_FAMILY = "1,2";
				TEST_HOST = "$(BUILT_PRODUCTS_DIR)/DouYuApp.app/DouYuApp";
			};
			name = Release;
		};
		9AD309292582225F00F8BFC8 /* Debug */ = {
			isa = XCBuildConfiguration;
			buildSettings = {
				ALWAYS_EMBED_SWIFT_STANDARD_LIBRARIES = YES;
				CODE_SIGN_STYLE = Automatic;
				DEVELOPMENT_TEAM = HH2Y65XC6Y;
				INFOPLIST_FILE = DouYuAppUITests/Info.plist;
				LD_RUNPATH_SEARCH_PATHS = (
					"$(inherited)",
					"@executable_path/Frameworks",
					"@loader_path/Frameworks",
				);
				PRODUCT_BUNDLE_IDENTIFIER = douyu.DouYuAppUITests;
				PRODUCT_NAME = "$(TARGET_NAME)";
				SWIFT_VERSION = 5.0;
				TARGETED_DEVICE_FAMILY = "1,2";
				TEST_TARGET_NAME = DouYuApp;
			};
			name = Debug;
		};
		9AD3092A2582225F00F8BFC8 /* Release */ = {
			isa = XCBuildConfiguration;
			buildSettings = {
				ALWAYS_EMBED_SWIFT_STANDARD_LIBRARIES = YES;
				CODE_SIGN_STYLE = Automatic;
				DEVELOPMENT_TEAM = HH2Y65XC6Y;
				INFOPLIST_FILE = DouYuAppUITests/Info.plist;
				LD_RUNPATH_SEARCH_PATHS = (
					"$(inherited)",
					"@executable_path/Frameworks",
					"@loader_path/Frameworks",
				);
				PRODUCT_BUNDLE_IDENTIFIER = douyu.DouYuAppUITests;
				PRODUCT_NAME = "$(TARGET_NAME)";
				SWIFT_VERSION = 5.0;
				TARGETED_DEVICE_FAMILY = "1,2";
				TEST_TARGET_NAME = DouYuApp;
			};
			name = Release;
		};
/* End XCBuildConfiguration section */

/* Begin XCConfigurationList section */
		9AD308F02582225C00F8BFC8 /* Build configuration list for PBXProject "DouYuApp" */ = {
			isa = XCConfigurationList;
			buildConfigurations = (
				9AD309202582225F00F8BFC8 /* Debug */,
				9AD309212582225F00F8BFC8 /* Release */,
			);
			defaultConfigurationIsVisible = 0;
			defaultConfigurationName = Release;
		};
		9AD309222582225F00F8BFC8 /* Build configuration list for PBXNativeTarget "DouYuApp" */ = {
			isa = XCConfigurationList;
			buildConfigurations = (
				9AD309232582225F00F8BFC8 /* Debug */,
				9AD309242582225F00F8BFC8 /* Release */,
			);
			defaultConfigurationIsVisible = 0;
			defaultConfigurationName = Release;
		};
		9AD309252582225F00F8BFC8 /* Build configuration list for PBXNativeTarget "DouYuAppTests" */ = {
			isa = XCConfigurationList;
			buildConfigurations = (
				9AD309262582225F00F8BFC8 /* Debug */,
				9AD309272582225F00F8BFC8 /* Release */,
			);
			defaultConfigurationIsVisible = 0;
			defaultConfigurationName = Release;
		};
		9AD309282582225F00F8BFC8 /* Build configuration list for PBXNativeTarget "DouYuAppUITests" */ = {
			isa = XCConfigurationList;
			buildConfigurations = (
				9AD309292582225F00F8BFC8 /* Debug */,
				9AD3092A2582225F00F8BFC8 /* Release */,
			);
			defaultConfigurationIsVisible = 0;
			defaultConfigurationName = Release;
		};
/* End XCConfigurationList section */

/* Begin XCVersionGroup section */
		9AD309012582225C00F8BFC8 /* DouYuApp.xcdatamodeld */ = {
			isa = XCVersionGroup;
			children = (
				9AD309022582225C00F8BFC8 /* DouYuApp.xcdatamodel */,
			);
			currentVersion = 9AD309022582225C00F8BFC8 /* DouYuApp.xcdatamodel */;
			path = DouYuApp.xcdatamodeld;
			sourceTree = "<group>";
			versionGroupType = wrapper.xcdatamodel;
		};
/* End XCVersionGroup section */
	};
	rootObject = 9AD308ED2582225C00F8BFC8 /* Project object */;
}
